{
  "nodes": {
    "disko": {
      "inputs": {
        "nixpkgs": [
          "nixpkgs"
        ]
      },
      "locked": {
        "lastModified": 1707354935,
        "narHash": "sha256-COv13Awbwut8Q8h8WxWpbVGHsUlZ6Yb+6YiWyWUV+yY=",
        "owner": "nix-community",
        "repo": "disko",
        "rev": "c49bb95ac852841b9015fb56a503a36ebdb46a59",
        "type": "github"
      },
      "original": {
        "owner": "nix-community",
        "repo": "disko",
        "type": "github"
      }
    },
    "flake-parts": {
      "inputs": {
        "nixpkgs-lib": "nixpkgs-lib"
      },
      "locked": {
        "lastModified": 1704982712,
        "narHash": "sha256-2Ptt+9h8dczgle2Oo6z5ni5rt/uLMG47UFTR1ry/wgg=",
        "owner": "hercules-ci",
        "repo": "flake-parts",
        "rev": "07f6395285469419cf9d078f59b5b49993198c00",
        "type": "github"
      },
      "original": {
        "id": "flake-parts",
        "type": "indirect"
      }
    },
    "foundryvtt": {
      "inputs": {
        "nixpkgs": [
          "nixpkgs"
        ]
      },
      "locked": {
        "lastModified": 1707066581,
        "narHash": "sha256-sN6VGp01fvV/0SugUrJEDZSt9DBZDyj/lcvCT0QJZAI=",
        "owner": "reckenrode",
        "repo": "nix-foundryvtt",
        "rev": "ae9be246a4d4441b787aabfb07a02b4c70e09192",
        "type": "github"
      },
      "original": {
        "owner": "reckenrode",
        "repo": "nix-foundryvtt",
        "type": "github"
      }
    },
    "home-manager": {
      "inputs": {
        "nixpkgs": [
          "nixpkgs"
        ]
      },
      "locked": {
        "lastModified": 1706981411,
        "narHash": "sha256-cLbLPTL1CDmETVh4p0nQtvoF+FSEjsnJTFpTxhXywhQ=",
        "owner": "nix-community",
        "repo": "home-manager",
        "rev": "652fda4ca6dafeb090943422c34ae9145787af37",
        "type": "github"
      },
      "original": {
        "owner": "nix-community",
        "ref": "release-23.11",
        "repo": "home-manager",
        "type": "github"
      }
    },
    "impermanence": {
      "locked": {
        "lastModified": 1706639736,
        "narHash": "sha256-CaG4j9+UwBDfinxxvJMo6yOonSmSo0ZgnbD7aj2Put0=",
        "owner": "nix-community",
        "repo": "impermanence",
        "rev": "cd13c2917eaa68e4c49fea0ff9cada45440d7045",
        "type": "github"
      },
      "original": {
        "owner": "nix-community",
        "repo": "impermanence",
        "type": "github"
      }
    },
    "nixpkgs": {
      "locked": {
        "lastModified": 1707238373,
        "narHash": "sha256-WKxT0yLzWbFZwYi92lI0yWJpYtRaFSWHGX8QXzejapw=",
        "owner": "NixOS",
        "repo": "nixpkgs",
        "rev": "fb0c047e30b69696acc42e669d02452ca1b55755",
        "type": "github"
      },
      "original": {
        "owner": "NixOS",
        "ref": "nixos-23.11",
        "repo": "nixpkgs",
        "type": "github"
      }
    },
    "nixpkgs-lib": {
      "locked": {
        "dir": "lib",
        "lastModified": 1703961334,
        "narHash": "sha256-M1mV/Cq+pgjk0rt6VxoyyD+O8cOUiai8t9Q6Yyq4noY=",
        "owner": "NixOS",
        "repo": "nixpkgs",
        "rev": "b0d36bd0a420ecee3bc916c91886caca87c894e9",
        "type": "github"
      },
      "original": {
        "dir": "lib",
        "owner": "NixOS",
        "ref": "nixos-unstable",
        "repo": "nixpkgs",
        "type": "github"
      }
    },
    "root": {
      "inputs": {
        "disko": "disko",
        "foundryvtt": "foundryvtt",
        "home-manager": "home-manager",
        "impermanence": "impermanence",
        "nixpkgs": "nixpkgs",
        "sops": "sops",
        "technitium": "technitium"
      }
    },
    "sops": {
      "inputs": {
        "nixpkgs": [
          "nixpkgs"
        ],
        "nixpkgs-stable": [
          "nixpkgs"
        ]
      },
      "locked": {
        "lastModified": 1707015547,
        "narHash": "sha256-YZr0OrqWPdbwBhxpBu69D32ngJZw8AMgZtJeaJn0e94=",
        "owner": "Mic92",
        "repo": "sops-nix",
        "rev": "23f61b897c00b66855074db471ba016e0cda20dd",
        "type": "github"
      },
      "original": {
        "owner": "Mic92",
        "repo": "sops-nix",
        "type": "github"
      }
    },
    "technitium": {
      "inputs": {
        "flake-parts": "flake-parts",
        "nixpkgs": [
          "nixpkgs"
        ]
      },
      "locked": {
        "lastModified": 1707359954,
        "narHash": "sha256-E/kp/SJBhvLxvVnROuouNzMfjNZnmVvnF12xXPwN0q4=",
        "owner": "faeranne",
        "repo": "nix-technitium",
        "rev": "0ea332e80c7e6c9e7e4700119044ff9cf65dd0b4",
        "type": "github"
      },
      "original": {
        "owner": "faeranne",
        "repo": "nix-technitium",
        "type": "github"
      }
    }
  },
  "root": "root",
  "version": 7
}
